
Microsoft Visual Studio Solution File, Format Version 12.00
# Visual Studio Version 17
VisualStudioVersion = 17.0.31903.59
MinimumVisualStudioVersion = 10.0.40219.1
Project("{2150E333-8FDC-42A3-9474-1A3956D46DE8}") = "src", "src", "{D85EC292-3937-4AB7-AC4D-27C85728D4E8}"
EndProject
Project("{FAE04EC0-301F-11D3-BF4B-00C04F79EFBC}") = "ReservationSystem.Domain", "src\ReservationSystem.Domain\ReservationSystem.Domain.csproj", "{69A41250-9EF7-49DE-A6E2-8162C8829EDA}"
EndProject
Global
	GlobalSection(SolutionConfigurationPlatforms) = preSolution
		Debug|Any CPU = Debug|Any CPU
		Release|Any CPU = Release|Any CPU
	EndGlobalSection
	GlobalSection(SolutionProperties) = preSolution
		HideSolutionNode = FALSE
	EndGlobalSection
	GlobalSection(ProjectConfigurationPlatforms) = postSolution
		{69A41250-9EF7-49DE-A6E2-8162C8829EDA}.Debug|Any CPU.ActiveCfg = Debug|Any CPU
		{69A41250-9EF7-49DE-A6E2-8162C8829EDA}.Debug|Any CPU.Build.0 = Debug|Any CPU
		{69A41250-9EF7-49DE-A6E2-8162C8829EDA}.Release|Any CPU.ActiveCfg = Release|Any CPU
		{69A41250-9EF7-49DE-A6E2-8162C8829EDA}.Release|Any CPU.Build.0 = Release|Any CPU
	EndGlobalSection
	GlobalSection(NestedProjects) = preSolution
		{69A41250-9EF7-49DE-A6E2-8162C8829EDA} = {D85EC292-3937-4AB7-AC4D-27C85728D4E8}
	EndGlobalSection
EndGlobal
